
Microsoft Visual Studio Solution File, Format Version 12.00
# Visual Studio Version 17
VisualStudioVersion = 17.1.32319.34
MinimumVisualStudioVersion = 10.0.40219.1
Project("{9A19103F-16F7-4668-BE54-9A1E7A4F7556}") = "Hekki", "Hekki\Hekki.csproj", "{7FEE59C6-D1C3-41FE-943C-1D4344B2C3AF}"
EndProject
Project("{9A19103F-16F7-4668-BE54-9A1E7A4F7556}") = "ExcelController", "ExcelController\ExcelController.csproj", "{BE7CE2ED-A6F3-41D3-8AC7-FDD179B8B57A}"
EndProject
Project("{9A19103F-16F7-4668-BE54-9A1E7A4F7556}") = "RaceLogic", "RaceLogic\RaceLogic.csproj", "{B8E009C6-E96D-4F27-896E-020984A76B21}"
EndProject
Project("{FAE04EC0-301F-11D3-BF4B-00C04F79EFBC}") = "Hekki.Domain", "Hekki.Domain\Hekki.Domain.csproj", "{411161E1-8B5D-4CF6-9875-384BB2E2F663}"
EndProject
Project("{FAE04EC0-301F-11D3-BF4B-00C04F79EFBC}") = "Hekki.Infrastructure", "Hekki.Infrastructure\Hekki.Infrastructure.csproj", "{3EC3B894-29F0-402C-B9E1-D6A9E7F02BC0}"
EndProject
Project("{FAE04EC0-301F-11D3-BF4B-00C04F79EFBC}") = "Hekki.App", "Hekki.App\Hekki.App.csproj", "{00E486C2-D4DB-45E2-AF82-8CEE70F0E407}"
EndProject
Project("{FAE04EC0-301F-11D3-BF4B-00C04F79EFBC}") = "Hekki.UI", "Hekki.UI\Hekki.UI.csproj", "{A20F6D82-7594-434F-9A94-13D954BC13FA}"
EndProject
Project("{2150E333-8FDC-42A3-9474-1A3956D46DE8}") = "Old", "Old", "{59C34094-6492-4B91-AC04-316DD3C7BE67}"
EndProject
Global
	GlobalSection(SolutionConfigurationPlatforms) = preSolution
		Debug|Any CPU = Debug|Any CPU
		Release|Any CPU = Release|Any CPU
	EndGlobalSection
	GlobalSection(ProjectConfigurationPlatforms) = postSolution
		{7FEE59C6-D1C3-41FE-943C-1D4344B2C3AF}.Debug|Any CPU.ActiveCfg = Debug|Any CPU
		{7FEE59C6-D1C3-41FE-943C-1D4344B2C3AF}.Debug|Any CPU.Build.0 = Debug|Any CPU
		{7FEE59C6-D1C3-41FE-943C-1D4344B2C3AF}.Release|Any CPU.ActiveCfg = Release|Any CPU
		{7FEE59C6-D1C3-41FE-943C-1D4344B2C3AF}.Release|Any CPU.Build.0 = Release|Any CPU
		{BE7CE2ED-A6F3-41D3-8AC7-FDD179B8B57A}.Debug|Any CPU.ActiveCfg = Debug|Any CPU
		{BE7CE2ED-A6F3-41D3-8AC7-FDD179B8B57A}.Debug|Any CPU.Build.0 = Debug|Any CPU
		{BE7CE2ED-A6F3-41D3-8AC7-FDD179B8B57A}.Release|Any CPU.ActiveCfg = Release|Any CPU
		{BE7CE2ED-A6F3-41D3-8AC7-FDD179B8B57A}.Release|Any CPU.Build.0 = Release|Any CPU
		{B8E009C6-E96D-4F27-896E-020984A76B21}.Debug|Any CPU.ActiveCfg = Debug|Any CPU
		{B8E009C6-E96D-4F27-896E-020984A76B21}.Debug|Any CPU.Build.0 = Debug|Any CPU
		{B8E009C6-E96D-4F27-896E-020984A76B21}.Release|Any CPU.ActiveCfg = Release|Any CPU
		{B8E009C6-E96D-4F27-896E-020984A76B21}.Release|Any CPU.Build.0 = Release|Any CPU
		{411161E1-8B5D-4CF6-9875-384BB2E2F663}.Debug|Any CPU.ActiveCfg = Debug|Any CPU
		{411161E1-8B5D-4CF6-9875-384BB2E2F663}.Debug|Any CPU.Build.0 = Debug|Any CPU
		{411161E1-8B5D-4CF6-9875-384BB2E2F663}.Release|Any CPU.ActiveCfg = Release|Any CPU
		{411161E1-8B5D-4CF6-9875-384BB2E2F663}.Release|Any CPU.Build.0 = Release|Any CPU
		{3EC3B894-29F0-402C-B9E1-D6A9E7F02BC0}.Debug|Any CPU.ActiveCfg = Debug|Any CPU
		{3EC3B894-29F0-402C-B9E1-D6A9E7F02BC0}.Debug|Any CPU.Build.0 = Debug|Any CPU
		{3EC3B894-29F0-402C-B9E1-D6A9E7F02BC0}.Release|Any CPU.ActiveCfg = Release|Any CPU
		{3EC3B894-29F0-402C-B9E1-D6A9E7F02BC0}.Release|Any CPU.Build.0 = Release|Any CPU
		{00E486C2-D4DB-45E2-AF82-8CEE70F0E407}.Debug|Any CPU.ActiveCfg = Debug|Any CPU
		{00E486C2-D4DB-45E2-AF82-8CEE70F0E407}.Debug|Any CPU.Build.0 = Debug|Any CPU
		{00E486C2-D4DB-45E2-AF82-8CEE70F0E407}.Release|Any CPU.ActiveCfg = Release|Any CPU
		{00E486C2-D4DB-45E2-AF82-8CEE70F0E407}.Release|Any CPU.Build.0 = Release|Any CPU
		{A20F6D82-7594-434F-9A94-13D954BC13FA}.Debug|Any CPU.ActiveCfg = Debug|Any CPU
		{A20F6D82-7594-434F-9A94-13D954BC13FA}.Debug|Any CPU.Build.0 = Debug|Any CPU
		{A20F6D82-7594-434F-9A94-13D954BC13FA}.Release|Any CPU.ActiveCfg = Release|Any CPU
		{A20F6D82-7594-434F-9A94-13D954BC13FA}.Release|Any CPU.Build.0 = Release|Any CPU
	EndGlobalSection
	GlobalSection(SolutionProperties) = preSolution
		HideSolutionNode = FALSE
	EndGlobalSection
	GlobalSection(NestedProjects) = preSolution
		{7FEE59C6-D1C3-41FE-943C-1D4344B2C3AF} = {59C34094-6492-4B91-AC04-316DD3C7BE67}
		{BE7CE2ED-A6F3-41D3-8AC7-FDD179B8B57A} = {59C34094-6492-4B91-AC04-316DD3C7BE67}
		{B8E009C6-E96D-4F27-896E-020984A76B21} = {59C34094-6492-4B91-AC04-316DD3C7BE67}
	EndGlobalSection
	GlobalSection(ExtensibilityGlobals) = postSolution
		SolutionGuid = {5660CE37-9D4D-4871-80CF-C636DDA2D1BA}
	EndGlobalSection
EndGlobal
